
Microsoft Visual Studio Solution File, Format Version 12.00
# Visual Studio Version 17
VisualStudioVersion = 17.8.34511.84
MinimumVisualStudioVersion = 10.0.40219.1
Project("{FAE04EC0-301F-11D3-BF4B-00C04F79EFBC}") = "Lab 0", "Lab 0\Lab 0.csproj", "{CD6A0CD6-D3F3-47CD-A68A-799C1A50F6DC}"
EndProject
Global
	GlobalSection(SolutionConfigurationPlatforms) = preSolution
		Debug|Any CPU = Debug|Any CPU
		Release|Any CPU = Release|Any CPU
	EndGlobalSection
	GlobalSection(ProjectConfigurationPlatforms) = postSolution
		{CD6A0CD6-D3F3-47CD-A68A-799C1A50F6DC}.Debug|Any CPU.ActiveCfg = Debug|Any CPU
		{CD6A0CD6-D3F3-47CD-A68A-799C1A50F6DC}.Debug|Any CPU.Build.0 = Debug|Any CPU
		{CD6A0CD6-D3F3-47CD-A68A-799C1A50F6DC}.Release|Any CPU.ActiveCfg = Release|Any CPU
		{CD6A0CD6-D3F3-47CD-A68A-799C1A50F6DC}.Release|Any CPU.Build.0 = Release|Any CPU
	EndGlobalSection
	GlobalSection(SolutionProperties) = preSolution
		HideSolutionNode = FALSE
	EndGlobalSection
	GlobalSection(ExtensibilityGlobals) = postSolution
		SolutionGuid = {4ED579D0-3AFF-41D7-87AF-16D983939EC9}
	EndGlobalSection
EndGlobal
